// !$*UTF8*$!
{
	archiveVersion = 1;
	classes = {
	};
	objectVersion = 46;
	objects = {

/* Begin PBXBuildFile section */
		AD444CCE1BBDF43000782E19 /* AppDelegate.swift in Sources */ = {isa = PBXBuildFile; fileRef = AD444CCD1BBDF43000782E19 /* AppDelegate.swift */; };
		AD444CD01BBDF43100782E19 /* ViewController.swift in Sources */ = {isa = PBXBuildFile; fileRef = AD444CCF1BBDF43100782E19 /* ViewController.swift */; };
		AD444CD31BBDF43100782E19 /* Main.storyboard in Resources */ = {isa = PBXBuildFile; fileRef = AD444CD11BBDF43100782E19 /* Main.storyboard */; };
		AD444CD51BBDF43100782E19 /* Assets.xcassets in Resources */ = {isa = PBXBuildFile; fileRef = AD444CD41BBDF43100782E19 /* Assets.xcassets */; };
		AD444CD81BBDF43100782E19 /* LaunchScreen.storyboard in Resources */ = {isa = PBXBuildFile; fileRef = AD444CD61BBDF43100782E19 /* LaunchScreen.storyboard */; };
		AD444CE21BBDF5D700782E19 /* CanvasViewController.swift in Sources */ = {isa = PBXBuildFile; fileRef = AD444CE11BBDF5D700782E19 /* CanvasViewController.swift */; settings = {ASSET_TAGS = (); }; };
/* End PBXBuildFile section */

/* Begin PBXFileReference section */
		AD444CCA1BBDF43000782E19 /* lab4.app */ = {isa = PBXFileReference; explicitFileType = wrapper.application; includeInIndex = 0; path = lab4.app; sourceTree = BUILT_PRODUCTS_DIR; };
		AD444CCD1BBDF43000782E19 /* AppDelegate.swift */ = {isa = PBXFileReference; lastKnownFileType = sourcecode.swift; path = AppDelegate.swift; sourceTree = "<group>"; };
		AD444CCF1BBDF43100782E19 /* ViewController.swift */ = {isa = PBXFileReference; lastKnownFileType = sourcecode.swift; path = ViewController.swift; sourceTree = "<group>"; };
		AD444CD21BBDF43100782E19 /* Base */ = {isa = PBXFileReference; lastKnownFileType = file.storyboard; name = Base; path = Base.lproj/Main.storyboard; sourceTree = "<group>"; };
		AD444CD41BBDF43100782E19 /* Assets.xcassets */ = {isa = PBXFileReference; lastKnownFileType = folder.assetcatalog; path = Assets.xcassets; sourceTree = "<group>"; };
		AD444CD71BBDF43100782E19 /* Base */ = {isa = PBXFileReference; lastKnownFileType = file.storyboard; name = Base; path = Base.lproj/LaunchScreen.storyboard; sourceTree = "<group>"; };
		AD444CD91BBDF43100782E19 /* Info.plist */ = {isa = PBXFileReference; lastKnownFileType = text.plist.xml; path = Info.plist; sourceTree = "<group>"; };
		AD444CE11BBDF5D700782E19 /* CanvasViewController.swift */ = {isa = PBXFileReference; fileEncoding = 4; lastKnownFileType = sourcecode.swift; path = CanvasViewController.swift; sourceTree = "<group>"; };
/* End PBXFileReference section */

/* Begin PBXFrameworksBuildPhase section */
		AD444CC71BBDF43000782E19 /* Frameworks */ = {
			isa = PBXFrameworksBuildPhase;
			buildActionMask = 2147483647;
			files = (
			);
			runOnlyForDeploymentPostprocessing = 0;
		};
/* End PBXFrameworksBuildPhase section */

/* Begin PBXGroup section */
		AD444CC11BBDF43000782E19 = {
			isa = PBXGroup;
			children = (
				AD444CCC1BBDF43000782E19 /* lab4 */,
				AD444CCB1BBDF43000782E19 /* Products */,
			);
			sourceTree = "<group>";
		};
		AD444CCB1BBDF43000782E19 /* Products */ = {
			isa = PBXGroup;
			children = (
				AD444CCA1BBDF43000782E19 /* lab4.app */,
			);
			name = Products;
			sourceTree = "<group>";
		};
		AD444CCC1BBDF43000782E19 /* lab4 */ = {
			isa = PBXGroup;
			children = (
				AD444CCD1BBDF43000782E19 /* AppDelegate.swift */,
				AD444CCF1BBDF43100782E19 /* ViewController.swift */,
				AD444CD11BBDF43100782E19 /* Main.storyboard */,
				AD444CE11BBDF5D700782E19 /* CanvasViewController.swift */,
				AD444CD41BBDF43100782E19 /* Assets.xcassets */,
				AD444CD61BBDF43100782E19 /* LaunchScreen.storyboard */,
				AD444CD91BBDF43100782E19 /* Info.plist */,
			);
			path = lab4;
			sourceTree = "<group>";
		};
/* End PBXGroup section */

/* Begin PBXNativeTarget section */
		AD444CC91BBDF43000782E19 /* lab4 */ = {
			isa = PBXNativeTarget;
			buildConfigurationList = AD444CDC1BBDF43100782E19 /* Build configuration list for PBXNativeTarget "lab4" */;
			buildPhases = (
				AD444CC61BBDF43000782E19 /* Sources */,
				AD444CC71BBDF43000782E19 /* Frameworks */,
				AD444CC81BBDF43000782E19 /* Resources */,
			);
			buildRules = (
			);
			dependencies = (
			);
			name = lab4;
			productName = lab4;
			productReference = AD444CCA1BBDF43000782E19 /* lab4.app */;
			productType = "com.apple.product-type.application";
		};
/* End PBXNativeTarget section */

/* Begin PBXProject section */
		AD444CC21BBDF43000782E19 /* Project object */ = {
			isa = PBXProject;
			attributes = {
				LastUpgradeCheck = 0700;
				ORGANIZATIONNAME = DeeptiChinta;
				TargetAttributes = {
					AD444CC91BBDF43000782E19 = {
						CreatedOnToolsVersion = 7.0;
					};
				};
			};
			buildConfigurationList = AD444CC51BBDF43000782E19 /* Build configuration list for PBXProject "lab4" */;
			compatibilityVersion = "Xcode 3.2";
			developmentRegion = English;
			hasScannedForEncodings = 0;
			knownRegions = (
				en,
				Base,
			);
			mainGroup = AD444CC11BBDF43000782E19;
			productRefGroup = AD444CCB1BBDF43000782E19 /* Products */;
			projectDirPath = "";
			projectRoot = "";
			targets = (
				AD444CC91BBDF43000782E19 /* lab4 */,
			);
		};
/* End PBXProject section */

/* Begin PBXResourcesBuildPhase section */
		AD444CC81BBDF43000782E19 /* Resources */ = {
			isa = PBXResourcesBuildPhase;
			buildActionMask = 2147483647;
			files = (
				AD444CD81BBDF43100782E19 /* LaunchScreen.storyboard in Resources */,
				AD444CD51BBDF43100782E19 /* Assets.xcassets in Resources */,
				AD444CD31BBDF43100782E19 /* Main.storyboard in Resources */,
			);
			runOnlyForDeploymentPostprocessing = 0;
		};
/* End PBXResourcesBuildPhase section */

/* Begin PBXSourcesBuildPhase section */
		AD444CC61BBDF43000782E19 /* Sources */ = {
			isa = PBXSourcesBuildPhase;
			buildActionMask = 2147483647;
			files = (
				AD444CD01BBDF43100782E19 /* ViewController.swift in Sources */,
				AD444CE21BBDF5D700782E19 /* CanvasViewController.swift in Sources */,
				AD444CCE1BBDF43000782E19 /* AppDelegate.swift in Sources */,
			);
			runOnlyForDeploymentPostprocessing = 0;
		};
/* End PBXSourcesBuildPhase section */

/* Begin PBXVariantGroup section */
		AD444CD11BBDF43100782E19 /* Main.storyboard */ = {
			isa = PBXVariantGroup;
			children = (
				AD444CD21BBDF43100782E19 /* Base */,
			);
			name = Main.storyboard;
			sourceTree = "<group>";
		};
		AD444CD61BBDF43100782E19 /* LaunchScreen.storyboard */ = {
			isa = PBXVariantGroup;
			children = (
				AD444CD71BBDF43100782E19 /* Base */,
			);
			name = LaunchScreen.storyboard;
			sourceTree = "<group>";
		};
/* End PBXVariantGroup section */

/* Begin XCBuildConfiguration section */
		AD444CDA1BBDF43100782E19 /* Debug */ = {
			isa = XCBuildConfiguration;
			buildSettings = {
				ALWAYS_SEARCH_USER_PATHS = NO;
				CLANG_CXX_LANGUAGE_STANDARD = "gnu++0x";
				CLANG_CXX_LIBRARY = "libc++";
				CLANG_ENABLE_MODULES = YES;
				CLANG_ENABLE_OBJC_ARC = YES;
				CLANG_WARN_BOOL_CONVERSION = YES;
				CLANG_WARN_CONSTANT_CONVERSION = YES;
				CLANG_WARN_DIRECT_OBJC_ISA_USAGE = YES_ERROR;
				CLANG_WARN_EMPTY_BODY = YES;
				CLANG_WARN_ENUM_CONVERSION = YES;
				CLANG_WARN_INT_CONVERSION = YES;
				CLANG_WARN_OBJC_ROOT_CLASS = YES_ERROR;
				CLANG_WARN_UNREACHABLE_CODE = YES;
				CLANG_WARN__DUPLICATE_METHOD_MATCH = YES;
				"CODE_SIGN_IDENTITY[sdk=iphoneos*]" = "iPhone Developer";
				COPY_PHASE_STRIP = NO;
				DEBUG_INFORMATION_FORMAT = dwarf;
				ENABLE_STRICT_OBJC_MSGSEND = YES;
				ENABLE_TESTABILITY = YES;
				GCC_C_LANGUAGE_STANDARD = gnu99;
				GCC_DYNAMIC_NO_PIC = NO;
				GCC_NO_COMMON_BLOCKS = YES;
				GCC_OPTIMIZATION_LEVEL = 0;
				GCC_PREPROCESSOR_DEFINITIONS = (
					"DEBUG=1",
					"$(inherited)",
				);
				GCC_WARN_64_TO_32_BIT_CONVERSION = YES;
				GCC_WARN_ABOUT_RETURN_TYPE = YES_ERROR;
				GCC_WARN_UNDECLARED_SELECTOR = YES;
				GCC_WARN_UNINITIALIZED_AUTOS = YES_AGGRESSIVE;
				GCC_WARN_UNUSED_FUNCTION = YES;
				GCC_WARN_UNUSED_VARIABLE = YES;
				IPHONEOS_DEPLOYMENT_TARGET = 9.0;
				MTL_ENABLE_DEBUG_INFO = YES;
				ONLY_ACTIVE_ARCH = YES;
				SDKROOT = iphoneos;
				SWIFT_OPTIMIZATION_LEVEL = "-Onone";
				TARGETED_DEVICE_FAMILY = "1,2";
			};
			name = Debug;
		};
		AD444CDB1BBDF43100782E19 /* Release */ = {
			isa = XCBuildConfiguration;
			buildSettings = {
				ALWAYS_SEARCH_USER_PATHS = NO;
				CLANG_CXX_LANGUAGE_STANDARD = "gnu++0x";
				CLANG_CXX_LIBRARY = "libc++";
				CLANG_ENABLE_MODULES = YES;
				CLANG_ENABLE_OBJC_ARC = YES;
				CLANG_WARN_BOOL_CONVERSION = YES;
				CLANG_WARN_CONSTANT_CONVERSION = YES;
				CLANG_WARN_DIRECT_OBJC_ISA_USAGE = YES_ERROR;
				CLANG_WARN_EMPTY_BODY = YES;
				CLANG_WARN_ENUM_CONVERSION = YES;
				CLANG_WARN_INT_CONVERSION = YES;
				CLANG_WARN_OBJC_ROOT_CLASS = YES_ERROR;
				CLANG_WARN_UNREACHABLE_CODE = YES;
				CLANG_WARN__DUPLICATE_METHOD_MATCH = YES;
				"CODE_SIGN_IDENTITY[sdk=iphoneos*]" = "iPhone Developer";
				COPY_PHASE_STRIP = NO;
				DEBUG_INFORMATION_FORMAT = "dwarf-with-dsym";
				ENABLE_NS_ASSERTIONS = NO;
				ENABLE_STRICT_OBJC_MSGSEND = YES;
				GCC_C_LANGUAGE_STANDARD = gnu99;
				GCC_NO_COMMON_BLOCKS = YES;
				GCC_WARN_64_TO_32_BIT_CONVERSION = YES;
				GCC_WARN_ABOUT_RETURN_TYPE = YES_ERROR;
				GCC_WARN_UNDECLARED_SELECTOR = YES;
				GCC_WARN_UNINITIALIZED_AUTOS = YES_AGGRESSIVE;
				GCC_WARN_UNUSED_FUNCTION = YES;
				GCC_WARN_UNUSED_VARIABLE = YES;
				IPHONEOS_DEPLOYMENT_TARGET = 9.0;
				MTL_ENABLE_DEBUG_INFO = NO;
				SDKROOT = iphoneos;
				TARGETED_DEVICE_FAMILY = "1,2";
				VALIDATE_PRODUCT = YES;
			};
			name = Release;
		};
		AD444CDD1BBDF43100782E19 /* Debug */ = {
			isa = XCBuildConfiguration;
			buildSettings = {
				ASSETCATALOG_COMPILER_APPICON_NAME = AppIcon;
				INFOPLIST_FILE = lab4/Info.plist;
				LD_RUNPATH_SEARCH_PATHS = "$(inherited) @executable_path/Frameworks";
				PRODUCT_BUNDLE_IDENTIFIER = com.deeptichinta.lab4;
				PRODUCT_NAME = "$(TARGET_NAME)";
			};
			name = Debug;
		};
		AD444CDE1BBDF43100782E19 /* Release */ = {
			isa = XCBuildConfiguration;
			buildSettings = {
				ASSETCATALOG_COMPILER_APPICON_NAME = AppIcon;
				INFOPLIST_FILE = lab4/Info.plist;
				LD_RUNPATH_SEARCH_PATHS = "$(inherited) @executable_path/Frameworks";
				PRODUCT_BUNDLE_IDENTIFIER = com.deeptichinta.lab4;
				PRODUCT_NAME = "$(TARGET_NAME)";
			};
			name = Release;
		};
/* End XCBuildConfiguration section */

/* Begin XCConfigurationList section */
		AD444CC51BBDF43000782E19 /* Build configuration list for PBXProject "lab4" */ = {
			isa = XCConfigurationList;
			buildConfigurations = (
				AD444CDA1BBDF43100782E19 /* Debug */,
				AD444CDB1BBDF43100782E19 /* Release */,
			);
			defaultConfigurationIsVisible = 0;
			defaultConfigurationName = Release;
		};
		AD444CDC1BBDF43100782E19 /* Build configuration list for PBXNativeTarget "lab4" */ = {
			isa = XCConfigurationList;
			buildConfigurations = (
				AD444CDD1BBDF43100782E19 /* Debug */,
				AD444CDE1BBDF43100782E19 /* Release */,
			);
			defaultConfigurationIsVisible = 0;
		};
/* End XCConfigurationList section */
	};
	rootObject = AD444CC21BBDF43000782E19 /* Project object */;
}
